
Microsoft Visual Studio Solution File, Format Version 12.00
# Visual Studio 15
Project("{FAE04EC0-301F-11D3-BF4B-00C04F79EFBC}") = "PhoneNumberTranslate", "PhoneNumberTranslate\PhoneNumberTranslate.csproj", "{19ACD0D1-B4B2-4FD2-8F95-DBF8A35BC408}"
EndProject
Global
	GlobalSection(SolutionConfigurationPlatforms) = preSolution
		Debug|iPhoneSimulator = Debug|iPhoneSimulator
		Release|iPhoneSimulator = Release|iPhoneSimulator
		Debug|iPhone = Debug|iPhone
		Release|iPhone = Release|iPhone
	EndGlobalSection
	GlobalSection(ProjectConfigurationPlatforms) = postSolution
		{19ACD0D1-B4B2-4FD2-8F95-DBF8A35BC408}.Debug|iPhoneSimulator.ActiveCfg = Debug|iPhoneSimulator
		{19ACD0D1-B4B2-4FD2-8F95-DBF8A35BC408}.Debug|iPhoneSimulator.Build.0 = Debug|iPhoneSimulator
		{19ACD0D1-B4B2-4FD2-8F95-DBF8A35BC408}.Release|iPhoneSimulator.ActiveCfg = Release|iPhoneSimulator
		{19ACD0D1-B4B2-4FD2-8F95-DBF8A35BC408}.Release|iPhoneSimulator.Build.0 = Release|iPhoneSimulator
		{19ACD0D1-B4B2-4FD2-8F95-DBF8A35BC408}.Debug|iPhone.ActiveCfg = Debug|iPhone
		{19ACD0D1-B4B2-4FD2-8F95-DBF8A35BC408}.Debug|iPhone.Build.0 = Debug|iPhone
		{19ACD0D1-B4B2-4FD2-8F95-DBF8A35BC408}.Release|iPhone.ActiveCfg = Release|iPhone
		{19ACD0D1-B4B2-4FD2-8F95-DBF8A35BC408}.Release|iPhone.Build.0 = Release|iPhone
	EndGlobalSection
EndGlobal
